{
  "name": "adonis-segment",
  "version": "1.0.0",
  "lockfileVersion": 1,
  "requires": true,
  "dependencies": {
    "@segment/loosely-validate-event": {
      "version": "2.0.0",
      "resolved": "https://registry.npmjs.org/@segment/loosely-validate-event/-/loosely-validate-event-2.0.0.tgz",
      "integrity": "sha512-ZMCSfztDBqwotkl848ODgVcAmN4OItEWDCkshcKz0/W6gGSQayuuCtWV/MlodFivAZD793d6UgANd6wCXUfrIw==",
      "requires": {
        "component-type": "1.2.1",
        "join-component": "1.1.0"
      }
    },
    "analytics-node": {
      "version": "3.3.0",
      "resolved": "https://registry.npmjs.org/analytics-node/-/analytics-node-3.3.0.tgz",
      "integrity": "sha512-wxrsmibvZVysy5CfkLItYrYMGbNVXDBccWurz+hgLUg98pbijiS2/QQdRc0SjHWVEqByxReEJ2T2MGhgb4jk3A==",
      "requires": {
        "@segment/loosely-validate-event": "2.0.0",
        "axios": "0.17.1",
        "axios-retry": "3.1.1",
        "commander": "2.16.0",
        "lodash.isstring": "4.0.1",
        "md5": "2.2.1",
        "ms": "2.1.1",
        "remove-trailing-slash": "0.1.0",
        "uuid": "3.3.2"
      }
    },
    "axios": {
      "version": "0.17.1",
      "resolved": "https://registry.npmjs.org/axios/-/axios-0.17.1.tgz",
      "integrity": "sha1-LY4+XQvb1zJ/kbyBT1xXZg+Bgk0=",
      "requires": {
        "follow-redirects": "1.5.1",
        "is-buffer": "1.1.6"
      }
    },
    "axios-retry": {
      "version": "3.1.1",
      "resolved": "https://registry.npmjs.org/axios-retry/-/axios-retry-3.1.1.tgz",
      "integrity": "sha512-BeNOxa/CBQQLa9gVuMta1oWIhbL6UETKBfAmFjOXwiBxgcmrDBVVwz/gKZTpzKJlVjmi5DeYC+lP5Ng7ssc1pg==",
      "requires": {
        "is-retry-allowed": "1.1.0"
      }
    },
    "charenc": {
      "version": "0.0.2",
      "resolved": "https://registry.npmjs.org/charenc/-/charenc-0.0.2.tgz",
      "integrity": "sha1-wKHS86cJLgN3S/qD8UwPxXkKhmc="
    },
    "commander": {
      "version": "2.16.0",
      "resolved": "https://registry.npmjs.org/commander/-/commander-2.16.0.tgz",
      "integrity": "sha512-sVXqklSaotK9at437sFlFpyOcJonxe0yST/AG9DkQKUdIE6IqGIMv4SfAQSKaJbSdVEJYItASCrBiVQHq1HQew=="
    },
    "component-type": {
      "version": "1.2.1",
      "resolved": "https://registry.npmjs.org/component-type/-/component-type-1.2.1.tgz",
      "integrity": "sha1-ikeQFwAjjk/DIml3EjAibyS0Fak="
    },
    "crypt": {
      "version": "0.0.2",
      "resolved": "https://registry.npmjs.org/crypt/-/crypt-0.0.2.tgz",
      "integrity": "sha1-iNf/fsDfuG9xPch7u0LQRNPmxBs="
    },
    "debug": {
      "version": "3.1.0",
      "resolved": "https://registry.npmjs.org/debug/-/debug-3.1.0.tgz",
      "integrity": "sha512-OX8XqP7/1a9cqkxYw2yXss15f26NKWBpDXQd0/uK/KPqdQhxbPa994hnzjcE2VqQpDslf55723cKPUOGSmMY3g==",
      "requires": {
        "ms": "2.0.0"
      },
      "dependencies": {
        "ms": {
          "version": "2.0.0",
          "resolved": "https://registry.npmjs.org/ms/-/ms-2.0.0.tgz",
          "integrity": "sha1-VgiurfwAvmwpAd9fmGF4jeDVl8g="
        }
      }
    },
    "follow-redirects": {
      "version": "1.5.1",
      "resolved": "https://registry.npmjs.org/follow-redirects/-/follow-redirects-1.5.1.tgz",
      "integrity": "sha512-v9GI1hpaqq1ZZR6pBD1+kI7O24PhDvNGNodjS3MdcEqyrahCp8zbtpv+2B/krUnSmUH80lbAS7MrdeK5IylgKg==",
      "requires": {
        "debug": "3.1.0"
      }
    },
    "is-buffer": {
      "version": "1.1.6",
      "resolved": "https://registry.npmjs.org/is-buffer/-/is-buffer-1.1.6.tgz",
      "integrity": "sha512-NcdALwpXkTm5Zvvbk7owOUSvVvBKDgKP5/ewfXEznmQFfs4ZRmanOeKBTjRVjka3QFoN6XJ+9F3USqfHqTaU5w=="
    },
    "is-retry-allowed": {
      "version": "1.1.0",
      "resolved": "https://registry.npmjs.org/is-retry-allowed/-/is-retry-allowed-1.1.0.tgz",
      "integrity": "sha1-EaBgVotnM5REAz0BJaYaINVk+zQ="
    },
    "join-component": {
      "version": "1.1.0",
      "resolved": "https://registry.npmjs.org/join-component/-/join-component-1.1.0.tgz",
      "integrity": "sha1-uEF7dQZho5K+4sJTfGiyqdSXfNU="
    },
    "lodash.isstring": {
      "version": "4.0.1",
      "resolved": "https://registry.npmjs.org/lodash.isstring/-/lodash.isstring-4.0.1.tgz",
      "integrity": "sha1-1SfftUVuynzJu5XV2ur4i6VKVFE="
    },
    "md5": {
      "version": "2.2.1",
      "resolved": "https://registry.npmjs.org/md5/-/md5-2.2.1.tgz",
      "integrity": "sha1-U6s41f48iJG6RlMp6iP6wFQBJvk=",
      "requires": {
        "charenc": "0.0.2",
        "crypt": "0.0.2",
        "is-buffer": "1.1.6"
      }
    },
    "ms": {
      "version": "2.1.1",
      "resolved": "https://registry.npmjs.org/ms/-/ms-2.1.1.tgz",
      "integrity": "sha512-tgp+dl5cGk28utYktBsrFqA7HKgrhgPsg6Z/EfhWI4gl1Hwq8B/GmY/0oXZ6nF8hDVesS/FpnYaD/kOWhYQvyg=="
    },
    "remove-trailing-slash": {
      "version": "0.1.0",
      "resolved": "https://registry.npmjs.org/remove-trailing-slash/-/remove-trailing-slash-0.1.0.tgz",
      "integrity": "sha1-FJjl3wmEwn5Jt26/Boh8otARUNI="
    },
    "uuid": {
      "version": "3.3.2",
      "resolved": "https://registry.npmjs.org/uuid/-/uuid-3.3.2.tgz",
      "integrity": "sha512-yXJmeNaw3DnnKAOKJE51sL/ZaYfWJRl1pK9dr19YFCu0ObS231AB1/LbqTKRAQ5kw8A90rA6fr4riOUpTZvQZA=="
    }
  }
}
